
Microsoft Visual Studio Solution File, Format Version 12.00
# Visual Studio Version 16
VisualStudioVersion = 16.0.30413.136
MinimumVisualStudioVersion = 10.0.40219.1
Project("{FAE04EC0-301F-11D3-BF4B-00C04F79EFBC}") = "TMS_New", "TMS_New\TMS_New.csproj", "{00EB3DD2-A559-468C-AB3B-64D1FD692A83}"
EndProject
Global
	GlobalSection(SolutionConfigurationPlatforms) = preSolution
		Debug|Any CPU = Debug|Any CPU
		Release|Any CPU = Release|Any CPU
	EndGlobalSection
	GlobalSection(ProjectConfigurationPlatforms) = postSolution
		{00EB3DD2-A559-468C-AB3B-64D1FD692A83}.Debug|Any CPU.ActiveCfg = Debug|Any CPU
		{00EB3DD2-A559-468C-AB3B-64D1FD692A83}.Debug|Any CPU.Build.0 = Debug|Any CPU
		{00EB3DD2-A559-468C-AB3B-64D1FD692A83}.Release|Any CPU.ActiveCfg = Release|Any CPU
		{00EB3DD2-A559-468C-AB3B-64D1FD692A83}.Release|Any CPU.Build.0 = Release|Any CPU
	EndGlobalSection
	GlobalSection(SolutionProperties) = preSolution
		HideSolutionNode = FALSE
	EndGlobalSection
	GlobalSection(ExtensibilityGlobals) = postSolution
		SolutionGuid = {4E00C0D3-AB45-4F69-ACEB-5050BCEFA867}
	EndGlobalSection
EndGlobal
